<?xml version="1.0" encoding="utf-8"?>
<Project ToolsVersion="4.0" xmlns="http://schemas.microsoft.com/developer/msbuild/2003">
  <ItemGroup>
    <Filter Include="Source Files">
      <UniqueIdentifier>{4FC737F1-C7A5-4376-A066-2A32D752A2FF}</UniqueIdentifier>
      <Extensions>cpp;c;cc;cxx;c++;cppm;ixx;def;odl;idl;hpj;bat;asm;asmx</Extensions>
    </Filter>
    <Filter Include="Header Files">
      <UniqueIdentifier>{93995380-89BD-4b04-88EB-625FBE52EBFB}</UniqueIdentifier>
      <Extensions>h;hh;hpp;hxx;h++;hm;inl;inc;ipp;xsd</Extensions>
    </Filter>
    <Filter Include="Resource Files">
      <UniqueIdentifier>{67DA6AB6-F800-4c08-8B7A-83BB121AAD01}</UniqueIdentifier>
      <Extensions>rc;ico;cur;bmp;dlg;rc2;rct;bin;rgs;gif;jpg;jpeg;jpe;resx;tiff;tif;png;wav;mfcribbon-ms</Extensions>
    </Filter>
    <Filter Include="Source Files\Utility">
      <UniqueIdentifier>{4880e06b-f896-4b3f-8181-77a31dab082f}</UniqueIdentifier>
    </Filter>
    <Filter Include="Source Files\Core">
      <UniqueIdentifier>{bfc2f3b3-dbfc-4998-853c-16ce8584a0a4}</UniqueIdentifier>
    </Filter>
    <Filter Include="Source Files\Core\GameObjects">
      <UniqueIdentifier>{0e715e5f-b5f1-4e5b-91f9-6cb620e7cf84}</UniqueIdentifier>
    </Filter>
    <Filter Include="Source Files\Core\Structures">
      <UniqueIdentifier>{9b1d73e2-2feb-4dce-b343-4dd3b3ce3fe8}</UniqueIdentifier>
    </Filter>
  </ItemGroup>
  <ItemGroup>
    <ClCompile Include="Warptex.cpp">
      <Filter>Source Files</Filter>
    </ClCompile>
    <ClCompile Include="EngineScene.cpp">
      <Filter>Source Files\Core</Filter>
    </ClCompile>
    <ClCompile Include="Timer.cpp">
      <Filter>Source Files\Utility</Filter>
    </ClCompile>
    <ClCompile Include="Sprite.cpp">
      <Filter>Source Files\Core</Filter>
    </ClCompile>
    <ClCompile Include="Gameobject.cpp">
      <Filter>Source Files\Core</Filter>
    </ClCompile>
    <ClCompile Include="AudioHandler.cpp">
      <Filter>Source Files\Core</Filter>
    </ClCompile>
    <ClCompile Include="Player.cpp">
      <Filter>Source Files\Core\GameObjects</Filter>
    </ClCompile>
    <ClCompile Include="CollisionHandler.cpp">
      <Filter>Source Files\Core</Filter>
    </ClCompile>
    <ClCompile Include="Projectile.cpp">
      <Filter>Source Files\Core\GameObjects</Filter>
    </ClCompile>
    <ClCompile Include="RadialSpawner.cpp">
      <Filter>Source Files\Core\GameObjects</Filter>
    </ClCompile>
    <ClCompile Include="TextureHandler.cpp">
      <Filter>Source Files\Core</Filter>
    </ClCompile>
    <ClCompile Include="RadialPattern.cpp">
      <Filter>Source Files\Core\Structures</Filter>
    </ClCompile>
    <ClCompile Include="SpatialGridPartition.cpp">
      <Filter>Source Files\Core</Filter>
    </ClCompile>
  </ItemGroup>
  <ItemGroup>
    <ClInclude Include="Logger.h">
      <Filter>Source Files\Utility</Filter>
    </ClInclude>
    <ClInclude Include="EngineScene.h">
      <Filter>Source Files\Core</Filter>
    </ClInclude>
    <ClInclude Include="Timer.h">
      <Filter>Source Files\Utility</Filter>
    </ClInclude>
    <ClInclude Include="Sprite.h">
      <Filter>Source Files\Core</Filter>
    </ClInclude>
    <ClInclude Include="Gameobject.h">
      <Filter>Source Files\Core</Filter>
    </ClInclude>
    <ClInclude Include="Vector2D.h">
      <Filter>Source Files\Utility</Filter>
    </ClInclude>
    <ClInclude Include="Transform.h">
      <Filter>Source Files\Core</Filter>
    </ClInclude>
    <ClInclude Include="AudioHandler.h">
      <Filter>Source Files\Core</Filter>
    </ClInclude>
    <ClInclude Include="Player.h">
      <Filter>Source Files\Core\GameObjects</Filter>
    </ClInclude>
    <ClInclude Include="CollisionHandler.h">
      <Filter>Source Files\Core</Filter>
    </ClInclude>
    <ClInclude Include="Projectile.h">
      <Filter>Source Files\Core\GameObjects</Filter>
    </ClInclude>
    <ClInclude Include="RadialPattern.h">
      <Filter>Source Files\Core\Structures</Filter>
    </ClInclude>
    <ClInclude Include="RadialSpawner.h">
      <Filter>Source Files\Core\GameObjects</Filter>
    </ClInclude>
    <ClInclude Include="TextureHandler.h">
      <Filter>Source Files\Core</Filter>
    </ClInclude>
    <ClInclude Include="ObjectPool.h">
      <Filter>Source Files\Core</Filter>
    </ClInclude>
    <ClInclude Include="Collision.h">
      <Filter>Source Files\Core</Filter>
    </ClInclude>
    <ClInclude Include="SpatialGridPartition.h">
      <Filter>Source Files\Core</Filter>
    </ClInclude>
  </ItemGroup>
  <ItemGroup>
    <None Include="packages.config" />
  </ItemGroup>
</Project>